
Microsoft Visual Studio Solution File, Format Version 12.00
# Visual Studio Version 16
VisualStudioVersion = 16.0.31205.134
MinimumVisualStudioVersion = 10.0.40219.1
Project("{F184B08F-C81C-45F6-A57F-5ABD9991F28F}") = "AdventureWorks", "AdventureWorks\AdventureWorks.vbproj", "{CA7FFB56-60D0-46F9-AB36-B1E4C9933573}"
EndProject
Project("{F184B08F-C81C-45F6-A57F-5ABD9991F28F}") = "Common.Library", "Common.Library\Common.Library.vbproj", "{D699DCFC-4AE0-4C4B-9DB4-F41664567B6D}"
EndProject
Project("{F184B08F-C81C-45F6-A57F-5ABD9991F28F}") = "AdventureWorks.EntityLayer", "AdventureWorks.EntityLayer\AdventureWorks.EntityLayer.vbproj", "{6F827FBF-87AD-4CEF-9953-78CCEDB7625C}"
EndProject
Project("{F184B08F-C81C-45F6-A57F-5ABD9991F28F}") = "AdventureWorks.ViewModelLayer", "AdventureWorks.ViewModelLayer\AdventureWorks.ViewModelLayer.vbproj", "{6BAA2EA3-3612-4799-B49B-BA815527C766}"
EndProject
Global
	GlobalSection(SolutionConfigurationPlatforms) = preSolution
		Debug|Any CPU = Debug|Any CPU
		Release|Any CPU = Release|Any CPU
	EndGlobalSection
	GlobalSection(ProjectConfigurationPlatforms) = postSolution
		{CA7FFB56-60D0-46F9-AB36-B1E4C9933573}.Debug|Any CPU.ActiveCfg = Debug|Any CPU
		{CA7FFB56-60D0-46F9-AB36-B1E4C9933573}.Debug|Any CPU.Build.0 = Debug|Any CPU
		{CA7FFB56-60D0-46F9-AB36-B1E4C9933573}.Release|Any CPU.ActiveCfg = Release|Any CPU
		{CA7FFB56-60D0-46F9-AB36-B1E4C9933573}.Release|Any CPU.Build.0 = Release|Any CPU
		{D699DCFC-4AE0-4C4B-9DB4-F41664567B6D}.Debug|Any CPU.ActiveCfg = Debug|Any CPU
		{D699DCFC-4AE0-4C4B-9DB4-F41664567B6D}.Debug|Any CPU.Build.0 = Debug|Any CPU
		{D699DCFC-4AE0-4C4B-9DB4-F41664567B6D}.Release|Any CPU.ActiveCfg = Release|Any CPU
		{D699DCFC-4AE0-4C4B-9DB4-F41664567B6D}.Release|Any CPU.Build.0 = Release|Any CPU
		{6F827FBF-87AD-4CEF-9953-78CCEDB7625C}.Debug|Any CPU.ActiveCfg = Debug|Any CPU
		{6F827FBF-87AD-4CEF-9953-78CCEDB7625C}.Debug|Any CPU.Build.0 = Debug|Any CPU
		{6F827FBF-87AD-4CEF-9953-78CCEDB7625C}.Release|Any CPU.ActiveCfg = Release|Any CPU
		{6F827FBF-87AD-4CEF-9953-78CCEDB7625C}.Release|Any CPU.Build.0 = Release|Any CPU
		{6BAA2EA3-3612-4799-B49B-BA815527C766}.Debug|Any CPU.ActiveCfg = Debug|Any CPU
		{6BAA2EA3-3612-4799-B49B-BA815527C766}.Debug|Any CPU.Build.0 = Debug|Any CPU
		{6BAA2EA3-3612-4799-B49B-BA815527C766}.Release|Any CPU.ActiveCfg = Release|Any CPU
		{6BAA2EA3-3612-4799-B49B-BA815527C766}.Release|Any CPU.Build.0 = Release|Any CPU
	EndGlobalSection
	GlobalSection(SolutionProperties) = preSolution
		HideSolutionNode = FALSE
	EndGlobalSection
	GlobalSection(ExtensibilityGlobals) = postSolution
		SolutionGuid = {594A96B7-EE5E-4B16-A461-2D35A12ED94D}
	EndGlobalSection
EndGlobal
