
Microsoft Visual Studio Solution File, Format Version 12.00
# Visual Studio 15
VisualStudioVersion = 15.0.28307.1831
MinimumVisualStudioVersion = 10.0.40219.1
Project("{F184B08F-C81C-45F6-A57F-5ABD9991F28F}") = "Trackbar", "Trackbar\Trackbar.vbproj", "{C22B7942-FF3F-4E64-A841-4F1AF03C2F8C}"
EndProject
Global
	GlobalSection(SolutionConfigurationPlatforms) = preSolution
		Debug|Any CPU = Debug|Any CPU
		Release|Any CPU = Release|Any CPU
	EndGlobalSection
	GlobalSection(ProjectConfigurationPlatforms) = postSolution
		{C22B7942-FF3F-4E64-A841-4F1AF03C2F8C}.Debug|Any CPU.ActiveCfg = Debug|Any CPU
		{C22B7942-FF3F-4E64-A841-4F1AF03C2F8C}.Debug|Any CPU.Build.0 = Debug|Any CPU
		{C22B7942-FF3F-4E64-A841-4F1AF03C2F8C}.Release|Any CPU.ActiveCfg = Release|Any CPU
		{C22B7942-FF3F-4E64-A841-4F1AF03C2F8C}.Release|Any CPU.Build.0 = Release|Any CPU
	EndGlobalSection
	GlobalSection(SolutionProperties) = preSolution
		HideSolutionNode = FALSE
	EndGlobalSection
	GlobalSection(ExtensibilityGlobals) = postSolution
		SolutionGuid = {CEA4B7AB-14C2-41CD-AB34-14528F3D000F}
	EndGlobalSection
EndGlobal
