
Microsoft Visual Studio Solution File, Format Version 12.00
# Visual Studio Version 16
VisualStudioVersion = 16.0.31205.134
MinimumVisualStudioVersion = 10.0.40219.1
Project("{F184B08F-C81C-45F6-A57F-5ABD9991F28F}") = "VBFundamentals", "VBFundamentals\VBFundamentals.vbproj", "{DD14BE00-43B9-4287-B2A6-2419E7447EED}"
EndProject
Global
	GlobalSection(SolutionConfigurationPlatforms) = preSolution
		Debug|Any CPU = Debug|Any CPU
		Release|Any CPU = Release|Any CPU
	EndGlobalSection
	GlobalSection(ProjectConfigurationPlatforms) = postSolution
		{DD14BE00-43B9-4287-B2A6-2419E7447EED}.Debug|Any CPU.ActiveCfg = Debug|Any CPU
		{DD14BE00-43B9-4287-B2A6-2419E7447EED}.Debug|Any CPU.Build.0 = Debug|Any CPU
		{DD14BE00-43B9-4287-B2A6-2419E7447EED}.Release|Any CPU.ActiveCfg = Release|Any CPU
		{DD14BE00-43B9-4287-B2A6-2419E7447EED}.Release|Any CPU.Build.0 = Release|Any CPU
	EndGlobalSection
	GlobalSection(SolutionProperties) = preSolution
		HideSolutionNode = FALSE
	EndGlobalSection
	GlobalSection(ExtensibilityGlobals) = postSolution
		SolutionGuid = {EFF094B7-F9C8-4997-AA02-8AD0D8923F5C}
	EndGlobalSection
EndGlobal
